
Microsoft Visual Studio Solution File, Format Version 11.00
# Visual Studio 2010
Project("{FAE04EC0-301F-11D3-BF4B-00C04F79EFBC}") = "Assembly-CSharp", "Assembly-CSharp.csproj", "{6f477f42-d4a9-3b62-a18d-d6c5319aca50}"
EndProject
Project("{FAE04EC0-301F-11D3-BF4B-00C04F79EFBC}") = "GifImporter.Editor", "GifImporter.Editor.csproj", "{1fee8d39-2c69-a3fd-e7f8-6d62f881ae07}"
EndProject
Project("{FAE04EC0-301F-11D3-BF4B-00C04F79EFBC}") = "Assembly-CSharp-Editor", "Assembly-CSharp-Editor.csproj", "{c5fc5c39-46be-1a04-9f3b-b66d15fafbde}"
EndProject
Project("{FAE04EC0-301F-11D3-BF4B-00C04F79EFBC}") = "GifForUnity", "GifForUnity.csproj", "{e66d15d7-1dc4-d051-6894-d9910b31a3b0}"
EndProject
Global
	GlobalSection(SolutionConfigurationPlatforms) = preSolution
		Debug|Any CPU = Debug|Any CPU
	EndGlobalSection
	GlobalSection(ProjectConfigurationPlatforms) = postSolution
		{6f477f42-d4a9-3b62-a18d-d6c5319aca50}.Debug|Any CPU.ActiveCfg = Debug|Any CPU
		{6f477f42-d4a9-3b62-a18d-d6c5319aca50}.Debug|Any CPU.Build.0 = Debug|Any CPU
		{1fee8d39-2c69-a3fd-e7f8-6d62f881ae07}.Debug|Any CPU.ActiveCfg = Debug|Any CPU
		{1fee8d39-2c69-a3fd-e7f8-6d62f881ae07}.Debug|Any CPU.Build.0 = Debug|Any CPU
		{c5fc5c39-46be-1a04-9f3b-b66d15fafbde}.Debug|Any CPU.ActiveCfg = Debug|Any CPU
		{c5fc5c39-46be-1a04-9f3b-b66d15fafbde}.Debug|Any CPU.Build.0 = Debug|Any CPU
		{e66d15d7-1dc4-d051-6894-d9910b31a3b0}.Debug|Any CPU.ActiveCfg = Debug|Any CPU
		{e66d15d7-1dc4-d051-6894-d9910b31a3b0}.Debug|Any CPU.Build.0 = Debug|Any CPU
	EndGlobalSection
	GlobalSection(SolutionProperties) = preSolution
		HideSolutionNode = FALSE
	EndGlobalSection
EndGlobal
